hash: fe11759f8785c35a54b84dcce121eab8c8f220a2c05ebe3f36087ebe5bf38528
updated: 2016-08-31T12:55:26.8368496-07:00
imports:
- name: github.com/dgrijalva/jwt-go
  version: 24c63f56522a87ec5339cc3567883f1039378fdb
  subpackages:
  - .
- name: golang.org/x/crypto
  version: d3c1194e7ce73913451befd89c26ca6d222f641e
  repo: https://github.com/golang/crypto.git
  vcs: git
  subpackages:
  - pkcs12
  - pkcs12/internal/rc2
testImports:
- name: github.com/davecgh/go-spew
  version: 6cf5744a041a0022271cefed95ba843f6d87fd51
  subpackages:
  - spew
- name: github.com/pmezard/go-difflib
  version: 792786c7400a136282c1664665ae0a8db921c6c2
  subpackages:
  - difflib
- name: github.com/stretchr/testify
  version: d77da356e56a7428ad25149ca77381849a6a5232
  subpackages:
  - assert
  - require
