hash: 5e2681e794f14699a7fea0835f0947f59ff16d24dcbed0a53c462c7c69d09e3a
updated: 2017-08-22T11:59:00.914426089+01:00
imports:
- name: github.com/dgrijalva/jwt-go
  version: 2268707a8f0843315e2004ee4f1d021dc08baedf
  subpackages:
  - .
- name: github.com/mitchellh/go-homedir
  version: b8bc1bf767474819792c23f32d8286a45736f1c6
- name: golang.org/x/crypto
  version: eb71ad9bd329b5ac0fd0148dd99bd62e8be8e035
  repo: https://github.com/golang/crypto.git
  vcs: git
  subpackages:
  - pkcs12
  - pkcs12/internal/rc2
- name: golang.org/x/net
  version: 1c05540f6879653db88113bc4a2b70aec4bd491f
  repo: https://github.com/golang/net.git
  vcs: git
  subpackages:
  - .
- name: golang.org/x/text
  version: e56139fd9c5bc7244c76116c68e500765bb6db6b
  repo: https://github.com/golang/text.git
  vcs: git
  subpackages:
  - .
testImports:
- name: github.com/davecgh/go-spew
  version: adab96458c51a58dc1783b3335dcce5461522e75
  subpackages:
  - spew
- name: github.com/pmezard/go-difflib
  version: 792786c7400a136282c1664665ae0a8db921c6c2
  subpackages:
  - difflib
- name: github.com/stretchr/testify
  version: 890a5c3458b43e6104ff5da8dfa139d013d77544
  subpackages:
  - assert
  - require
