hash: 5f9da9da5eb27a1e9568ad803c97a52002f5737e43fe3a9bf318ad2ddfbf31d6
updated: 2017-04-18T10:32:15.6964882-07:00
imports:
- name: github.com/Azure/azure-sdk-for-go
  version: 088007b3b08cc02b27f2eadfdcd870958460ce7e
  subpackages:
  - arm/resources/resources
- name: github.com/Azure/go-autorest
  version: 7f647f8401223d3000a944a3b0e3584c0b97884b
  subpackages:
  - autorest
  - autorest/adal
  - autorest/azure
  - autorest/date
  - autorest/to
  - autorest/validation
- name: github.com/dgrijalva/jwt-go
  version: 2268707a8f0843315e2004ee4f1d021dc08baedf
testImports: []
